
Microsoft Visual Studio Solution File, Format Version 12.00
# Visual Studio 2012
Project("{FAE04EC0-301F-11D3-BF4B-00C04F79EFBC}") = "XamarinFormsClase07", "XamarinFormsClase07\XamarinFormsClase07.csproj", "{7F2DB602-050B-4144-AF67-2C0DBBDD6CB8}"
EndProject
Project("{FAE04EC0-301F-11D3-BF4B-00C04F79EFBC}") = "XamarinFormsClase07.iOS", "iOS\XamarinFormsClase07.iOS.csproj", "{7748C485-0FD6-44FC-AA12-BD22A5B67C32}"
EndProject
Project("{FAE04EC0-301F-11D3-BF4B-00C04F79EFBC}") = "XamarinFormsClase07.Droid", "Droid\XamarinFormsClase07.Droid.csproj", "{616ECB9A-5476-4C13-B8EA-9B4C66D42EEB}"
EndProject
Global
	GlobalSection(SolutionConfigurationPlatforms) = preSolution
		Debug|Any CPU = Debug|Any CPU
		Release|Any CPU = Release|Any CPU
		Debug|iPhoneSimulator = Debug|iPhoneSimulator
		Release|iPhone = Release|iPhone
		Release|iPhoneSimulator = Release|iPhoneSimulator
		Debug|iPhone = Debug|iPhone
	EndGlobalSection
	GlobalSection(ProjectConfigurationPlatforms) = postSolution
		{7F2DB602-050B-4144-AF67-2C0DBBDD6CB8}.Debug|Any CPU.ActiveCfg = Debug|Any CPU
		{7F2DB602-050B-4144-AF67-2C0DBBDD6CB8}.Debug|Any CPU.Build.0 = Debug|Any CPU
		{7F2DB602-050B-4144-AF67-2C0DBBDD6CB8}.Release|Any CPU.ActiveCfg = Release|Any CPU
		{7F2DB602-050B-4144-AF67-2C0DBBDD6CB8}.Release|Any CPU.Build.0 = Release|Any CPU
		{7F2DB602-050B-4144-AF67-2C0DBBDD6CB8}.Debug|iPhoneSimulator.ActiveCfg = Debug|Any CPU
		{7F2DB602-050B-4144-AF67-2C0DBBDD6CB8}.Debug|iPhoneSimulator.Build.0 = Debug|Any CPU
		{7F2DB602-050B-4144-AF67-2C0DBBDD6CB8}.Release|iPhone.ActiveCfg = Release|Any CPU
		{7F2DB602-050B-4144-AF67-2C0DBBDD6CB8}.Release|iPhone.Build.0 = Release|Any CPU
		{7F2DB602-050B-4144-AF67-2C0DBBDD6CB8}.Release|iPhoneSimulator.ActiveCfg = Release|Any CPU
		{7F2DB602-050B-4144-AF67-2C0DBBDD6CB8}.Release|iPhoneSimulator.Build.0 = Release|Any CPU
		{7F2DB602-050B-4144-AF67-2C0DBBDD6CB8}.Debug|iPhone.ActiveCfg = Debug|Any CPU
		{7F2DB602-050B-4144-AF67-2C0DBBDD6CB8}.Debug|iPhone.Build.0 = Debug|Any CPU
		{7748C485-0FD6-44FC-AA12-BD22A5B67C32}.Debug|Any CPU.ActiveCfg = Debug|iPhoneSimulator
		{7748C485-0FD6-44FC-AA12-BD22A5B67C32}.Debug|Any CPU.Build.0 = Debug|iPhoneSimulator
		{7748C485-0FD6-44FC-AA12-BD22A5B67C32}.Release|Any CPU.ActiveCfg = Release|iPhone
		{7748C485-0FD6-44FC-AA12-BD22A5B67C32}.Release|Any CPU.Build.0 = Release|iPhone
		{7748C485-0FD6-44FC-AA12-BD22A5B67C32}.Debug|iPhoneSimulator.ActiveCfg = Debug|iPhoneSimulator
		{7748C485-0FD6-44FC-AA12-BD22A5B67C32}.Debug|iPhoneSimulator.Build.0 = Debug|iPhoneSimulator
		{7748C485-0FD6-44FC-AA12-BD22A5B67C32}.Release|iPhone.ActiveCfg = Release|iPhone
		{7748C485-0FD6-44FC-AA12-BD22A5B67C32}.Release|iPhone.Build.0 = Release|iPhone
		{7748C485-0FD6-44FC-AA12-BD22A5B67C32}.Release|iPhoneSimulator.ActiveCfg = Release|iPhoneSimulator
		{7748C485-0FD6-44FC-AA12-BD22A5B67C32}.Release|iPhoneSimulator.Build.0 = Release|iPhoneSimulator
		{7748C485-0FD6-44FC-AA12-BD22A5B67C32}.Debug|iPhone.ActiveCfg = Debug|iPhone
		{7748C485-0FD6-44FC-AA12-BD22A5B67C32}.Debug|iPhone.Build.0 = Debug|iPhone
		{616ECB9A-5476-4C13-B8EA-9B4C66D42EEB}.Debug|Any CPU.ActiveCfg = Debug|Any CPU
		{616ECB9A-5476-4C13-B8EA-9B4C66D42EEB}.Debug|Any CPU.Build.0 = Debug|Any CPU
		{616ECB9A-5476-4C13-B8EA-9B4C66D42EEB}.Release|Any CPU.ActiveCfg = Release|Any CPU
		{616ECB9A-5476-4C13-B8EA-9B4C66D42EEB}.Release|Any CPU.Build.0 = Release|Any CPU
		{616ECB9A-5476-4C13-B8EA-9B4C66D42EEB}.Debug|iPhoneSimulator.ActiveCfg = Debug|Any CPU
		{616ECB9A-5476-4C13-B8EA-9B4C66D42EEB}.Debug|iPhoneSimulator.Build.0 = Debug|Any CPU
		{616ECB9A-5476-4C13-B8EA-9B4C66D42EEB}.Release|iPhone.ActiveCfg = Release|Any CPU
		{616ECB9A-5476-4C13-B8EA-9B4C66D42EEB}.Release|iPhone.Build.0 = Release|Any CPU
		{616ECB9A-5476-4C13-B8EA-9B4C66D42EEB}.Release|iPhoneSimulator.ActiveCfg = Release|Any CPU
		{616ECB9A-5476-4C13-B8EA-9B4C66D42EEB}.Release|iPhoneSimulator.Build.0 = Release|Any CPU
		{616ECB9A-5476-4C13-B8EA-9B4C66D42EEB}.Debug|iPhone.ActiveCfg = Debug|Any CPU
		{616ECB9A-5476-4C13-B8EA-9B4C66D42EEB}.Debug|iPhone.Build.0 = Debug|Any CPU
	EndGlobalSection
EndGlobal
