
Microsoft Visual Studio Solution File, Format Version 12.00
# Visual Studio 2012
Project("{FAE04EC0-301F-11D3-BF4B-00C04F79EFBC}") = "XamarinFormsClase02_03", "XamarinFormsClase02_03\XamarinFormsClase02_03.csproj", "{5B354E93-EA67-418E-BBB1-2842915D6462}"
EndProject
Project("{FAE04EC0-301F-11D3-BF4B-00C04F79EFBC}") = "XamarinFormsClase02_03.iOS", "iOS\XamarinFormsClase02_03.iOS.csproj", "{9FB3C930-3CFE-4675-9D2E-02A359F41DC8}"
EndProject
Project("{FAE04EC0-301F-11D3-BF4B-00C04F79EFBC}") = "XamarinFormsClase02_03.Droid", "Droid\XamarinFormsClase02_03.Droid.csproj", "{D1E57AB5-A8C2-445C-A81B-3982070CE75F}"
EndProject
Global
	GlobalSection(SolutionConfigurationPlatforms) = preSolution
		Debug|Any CPU = Debug|Any CPU
		Release|Any CPU = Release|Any CPU
		Debug|iPhoneSimulator = Debug|iPhoneSimulator
		Release|iPhone = Release|iPhone
		Release|iPhoneSimulator = Release|iPhoneSimulator
		Debug|iPhone = Debug|iPhone
	EndGlobalSection
	GlobalSection(ProjectConfigurationPlatforms) = postSolution
		{5B354E93-EA67-418E-BBB1-2842915D6462}.Debug|Any CPU.ActiveCfg = Debug|Any CPU
		{5B354E93-EA67-418E-BBB1-2842915D6462}.Debug|Any CPU.Build.0 = Debug|Any CPU
		{5B354E93-EA67-418E-BBB1-2842915D6462}.Release|Any CPU.ActiveCfg = Release|Any CPU
		{5B354E93-EA67-418E-BBB1-2842915D6462}.Release|Any CPU.Build.0 = Release|Any CPU
		{5B354E93-EA67-418E-BBB1-2842915D6462}.Debug|iPhoneSimulator.ActiveCfg = Debug|Any CPU
		{5B354E93-EA67-418E-BBB1-2842915D6462}.Debug|iPhoneSimulator.Build.0 = Debug|Any CPU
		{5B354E93-EA67-418E-BBB1-2842915D6462}.Release|iPhone.ActiveCfg = Release|Any CPU
		{5B354E93-EA67-418E-BBB1-2842915D6462}.Release|iPhone.Build.0 = Release|Any CPU
		{5B354E93-EA67-418E-BBB1-2842915D6462}.Release|iPhoneSimulator.ActiveCfg = Release|Any CPU
		{5B354E93-EA67-418E-BBB1-2842915D6462}.Release|iPhoneSimulator.Build.0 = Release|Any CPU
		{5B354E93-EA67-418E-BBB1-2842915D6462}.Debug|iPhone.ActiveCfg = Debug|Any CPU
		{5B354E93-EA67-418E-BBB1-2842915D6462}.Debug|iPhone.Build.0 = Debug|Any CPU
		{9FB3C930-3CFE-4675-9D2E-02A359F41DC8}.Debug|Any CPU.ActiveCfg = Debug|iPhoneSimulator
		{9FB3C930-3CFE-4675-9D2E-02A359F41DC8}.Debug|Any CPU.Build.0 = Debug|iPhoneSimulator
		{9FB3C930-3CFE-4675-9D2E-02A359F41DC8}.Release|Any CPU.ActiveCfg = Release|iPhone
		{9FB3C930-3CFE-4675-9D2E-02A359F41DC8}.Release|Any CPU.Build.0 = Release|iPhone
		{9FB3C930-3CFE-4675-9D2E-02A359F41DC8}.Debug|iPhoneSimulator.ActiveCfg = Debug|iPhoneSimulator
		{9FB3C930-3CFE-4675-9D2E-02A359F41DC8}.Debug|iPhoneSimulator.Build.0 = Debug|iPhoneSimulator
		{9FB3C930-3CFE-4675-9D2E-02A359F41DC8}.Release|iPhone.ActiveCfg = Release|iPhone
		{9FB3C930-3CFE-4675-9D2E-02A359F41DC8}.Release|iPhone.Build.0 = Release|iPhone
		{9FB3C930-3CFE-4675-9D2E-02A359F41DC8}.Release|iPhoneSimulator.ActiveCfg = Release|iPhoneSimulator
		{9FB3C930-3CFE-4675-9D2E-02A359F41DC8}.Release|iPhoneSimulator.Build.0 = Release|iPhoneSimulator
		{9FB3C930-3CFE-4675-9D2E-02A359F41DC8}.Debug|iPhone.ActiveCfg = Debug|iPhone
		{9FB3C930-3CFE-4675-9D2E-02A359F41DC8}.Debug|iPhone.Build.0 = Debug|iPhone
		{D1E57AB5-A8C2-445C-A81B-3982070CE75F}.Debug|Any CPU.ActiveCfg = Debug|Any CPU
		{D1E57AB5-A8C2-445C-A81B-3982070CE75F}.Debug|Any CPU.Build.0 = Debug|Any CPU
		{D1E57AB5-A8C2-445C-A81B-3982070CE75F}.Release|Any CPU.ActiveCfg = Release|Any CPU
		{D1E57AB5-A8C2-445C-A81B-3982070CE75F}.Release|Any CPU.Build.0 = Release|Any CPU
		{D1E57AB5-A8C2-445C-A81B-3982070CE75F}.Debug|iPhoneSimulator.ActiveCfg = Debug|Any CPU
		{D1E57AB5-A8C2-445C-A81B-3982070CE75F}.Debug|iPhoneSimulator.Build.0 = Debug|Any CPU
		{D1E57AB5-A8C2-445C-A81B-3982070CE75F}.Release|iPhone.ActiveCfg = Release|Any CPU
		{D1E57AB5-A8C2-445C-A81B-3982070CE75F}.Release|iPhone.Build.0 = Release|Any CPU
		{D1E57AB5-A8C2-445C-A81B-3982070CE75F}.Release|iPhoneSimulator.ActiveCfg = Release|Any CPU
		{D1E57AB5-A8C2-445C-A81B-3982070CE75F}.Release|iPhoneSimulator.Build.0 = Release|Any CPU
		{D1E57AB5-A8C2-445C-A81B-3982070CE75F}.Debug|iPhone.ActiveCfg = Debug|Any CPU
		{D1E57AB5-A8C2-445C-A81B-3982070CE75F}.Debug|iPhone.Build.0 = Debug|Any CPU
	EndGlobalSection
EndGlobal
