
Microsoft Visual Studio Solution File, Format Version 12.00
# Visual Studio 2012
Project("{FAE04EC0-301F-11D3-BF4B-00C04F79EFBC}") = "XamarinFormsClase12_01", "XamarinFormsClase12_01\XamarinFormsClase12_01.csproj", "{1C9C1C22-F4EC-4F62-A516-FEC7DF88E5E7}"
EndProject
Project("{FAE04EC0-301F-11D3-BF4B-00C04F79EFBC}") = "XamarinFormsClase12_01.iOS", "iOS\XamarinFormsClase12_01.iOS.csproj", "{907459CA-806B-445F-B4E4-7935E594B51B}"
EndProject
Project("{FAE04EC0-301F-11D3-BF4B-00C04F79EFBC}") = "XamarinFormsClase12_01.Droid", "Droid\XamarinFormsClase12_01.Droid.csproj", "{B7B5043D-D613-4A5E-8375-0A8EBEDF00E2}"
EndProject
Global
	GlobalSection(SolutionConfigurationPlatforms) = preSolution
		Debug|Any CPU = Debug|Any CPU
		Release|Any CPU = Release|Any CPU
		Debug|iPhoneSimulator = Debug|iPhoneSimulator
		Release|iPhone = Release|iPhone
		Release|iPhoneSimulator = Release|iPhoneSimulator
		Debug|iPhone = Debug|iPhone
	EndGlobalSection
	GlobalSection(ProjectConfigurationPlatforms) = postSolution
		{1C9C1C22-F4EC-4F62-A516-FEC7DF88E5E7}.Debug|Any CPU.ActiveCfg = Debug|Any CPU
		{1C9C1C22-F4EC-4F62-A516-FEC7DF88E5E7}.Debug|Any CPU.Build.0 = Debug|Any CPU
		{1C9C1C22-F4EC-4F62-A516-FEC7DF88E5E7}.Release|Any CPU.ActiveCfg = Release|Any CPU
		{1C9C1C22-F4EC-4F62-A516-FEC7DF88E5E7}.Release|Any CPU.Build.0 = Release|Any CPU
		{1C9C1C22-F4EC-4F62-A516-FEC7DF88E5E7}.Debug|iPhoneSimulator.ActiveCfg = Debug|Any CPU
		{1C9C1C22-F4EC-4F62-A516-FEC7DF88E5E7}.Debug|iPhoneSimulator.Build.0 = Debug|Any CPU
		{1C9C1C22-F4EC-4F62-A516-FEC7DF88E5E7}.Release|iPhone.ActiveCfg = Release|Any CPU
		{1C9C1C22-F4EC-4F62-A516-FEC7DF88E5E7}.Release|iPhone.Build.0 = Release|Any CPU
		{1C9C1C22-F4EC-4F62-A516-FEC7DF88E5E7}.Release|iPhoneSimulator.ActiveCfg = Release|Any CPU
		{1C9C1C22-F4EC-4F62-A516-FEC7DF88E5E7}.Release|iPhoneSimulator.Build.0 = Release|Any CPU
		{1C9C1C22-F4EC-4F62-A516-FEC7DF88E5E7}.Debug|iPhone.ActiveCfg = Debug|Any CPU
		{1C9C1C22-F4EC-4F62-A516-FEC7DF88E5E7}.Debug|iPhone.Build.0 = Debug|Any CPU
		{907459CA-806B-445F-B4E4-7935E594B51B}.Debug|Any CPU.ActiveCfg = Debug|iPhoneSimulator
		{907459CA-806B-445F-B4E4-7935E594B51B}.Debug|Any CPU.Build.0 = Debug|iPhoneSimulator
		{907459CA-806B-445F-B4E4-7935E594B51B}.Release|Any CPU.ActiveCfg = Release|iPhone
		{907459CA-806B-445F-B4E4-7935E594B51B}.Release|Any CPU.Build.0 = Release|iPhone
		{907459CA-806B-445F-B4E4-7935E594B51B}.Debug|iPhoneSimulator.ActiveCfg = Debug|iPhoneSimulator
		{907459CA-806B-445F-B4E4-7935E594B51B}.Debug|iPhoneSimulator.Build.0 = Debug|iPhoneSimulator
		{907459CA-806B-445F-B4E4-7935E594B51B}.Release|iPhone.ActiveCfg = Release|iPhone
		{907459CA-806B-445F-B4E4-7935E594B51B}.Release|iPhone.Build.0 = Release|iPhone
		{907459CA-806B-445F-B4E4-7935E594B51B}.Release|iPhoneSimulator.ActiveCfg = Release|iPhoneSimulator
		{907459CA-806B-445F-B4E4-7935E594B51B}.Release|iPhoneSimulator.Build.0 = Release|iPhoneSimulator
		{907459CA-806B-445F-B4E4-7935E594B51B}.Debug|iPhone.ActiveCfg = Debug|iPhone
		{907459CA-806B-445F-B4E4-7935E594B51B}.Debug|iPhone.Build.0 = Debug|iPhone
		{B7B5043D-D613-4A5E-8375-0A8EBEDF00E2}.Debug|Any CPU.ActiveCfg = Debug|Any CPU
		{B7B5043D-D613-4A5E-8375-0A8EBEDF00E2}.Debug|Any CPU.Build.0 = Debug|Any CPU
		{B7B5043D-D613-4A5E-8375-0A8EBEDF00E2}.Release|Any CPU.ActiveCfg = Release|Any CPU
		{B7B5043D-D613-4A5E-8375-0A8EBEDF00E2}.Release|Any CPU.Build.0 = Release|Any CPU
		{B7B5043D-D613-4A5E-8375-0A8EBEDF00E2}.Debug|iPhoneSimulator.ActiveCfg = Debug|Any CPU
		{B7B5043D-D613-4A5E-8375-0A8EBEDF00E2}.Debug|iPhoneSimulator.Build.0 = Debug|Any CPU
		{B7B5043D-D613-4A5E-8375-0A8EBEDF00E2}.Release|iPhone.ActiveCfg = Release|Any CPU
		{B7B5043D-D613-4A5E-8375-0A8EBEDF00E2}.Release|iPhone.Build.0 = Release|Any CPU
		{B7B5043D-D613-4A5E-8375-0A8EBEDF00E2}.Release|iPhoneSimulator.ActiveCfg = Release|Any CPU
		{B7B5043D-D613-4A5E-8375-0A8EBEDF00E2}.Release|iPhoneSimulator.Build.0 = Release|Any CPU
		{B7B5043D-D613-4A5E-8375-0A8EBEDF00E2}.Debug|iPhone.ActiveCfg = Debug|Any CPU
		{B7B5043D-D613-4A5E-8375-0A8EBEDF00E2}.Debug|iPhone.Build.0 = Debug|Any CPU
	EndGlobalSection
EndGlobal
